# This file is automatically @generated by Cargo.
# It is not intended for manual editing.
[[package]]
name = "bootloader"
version = "0.1.0"
dependencies = [
 "rangeset",
 "spin",
]

[[package]]
name = "rangeset"
version = "0.1.0"

[[package]]
name = "spin"
version = "0.6.0"
source = "registry+https://github.com/rust-lang/crates.io-index"
checksum = "ef7b840d5ef62f81f50649ade37112748461256c64a70bccefeabb4d02c515c5"
